
Microsoft Visual Studio Solution File, Format Version 12.00
# Visual Studio Version 17
VisualStudioVersion = 17.13.35818.85 d17.13
MinimumVisualStudioVersion = 10.0.40219.1
Project("{FAE04EC0-301F-11D3-BF4B-00C04F79EFBC}") = "TareasMicroservicio", "TareasMicroservicio.csproj", "{5B47625E-34E2-4E64-AB72-1CC88C7D42AA}"
EndProject
Global
	GlobalSection(SolutionConfigurationPlatforms) = preSolution
		Debug|Any CPU = Debug|Any CPU
		Release|Any CPU = Release|Any CPU
	EndGlobalSection
	GlobalSection(ProjectConfigurationPlatforms) = postSolution
		{5B47625E-34E2-4E64-AB72-1CC88C7D42AA}.Debug|Any CPU.ActiveCfg = Debug|Any CPU
		{5B47625E-34E2-4E64-AB72-1CC88C7D42AA}.Debug|Any CPU.Build.0 = Debug|Any CPU
		{5B47625E-34E2-4E64-AB72-1CC88C7D42AA}.Release|Any CPU.ActiveCfg = Release|Any CPU
		{5B47625E-34E2-4E64-AB72-1CC88C7D42AA}.Release|Any CPU.Build.0 = Release|Any CPU
	EndGlobalSection
	GlobalSection(SolutionProperties) = preSolution
		HideSolutionNode = FALSE
	EndGlobalSection
	GlobalSection(ExtensibilityGlobals) = postSolution
		SolutionGuid = {3A2154E4-2B7B-45C4-8763-0C045A39535B}
	EndGlobalSection
EndGlobal
